
Microsoft Visual Studio Solution File, Format Version 12.00
# Visual Studio Version 17
VisualStudioVersion = 17.4.33122.133
MinimumVisualStudioVersion = 10.0.40219.1
Project("{FAE04EC0-301F-11D3-BF4B-00C04F79EFBC}") = "NetCore6CrudAutenticacionSqlServer", "NetCore6CrudAutenticacionSqlServer\NetCore6CrudAutenticacionSqlServer.csproj", "{FD3111E4-1A4E-4580-8E88-649F70750F23}"
EndProject
Global
	GlobalSection(SolutionConfigurationPlatforms) = preSolution
		Debug|Any CPU = Debug|Any CPU
		Release|Any CPU = Release|Any CPU
	EndGlobalSection
	GlobalSection(ProjectConfigurationPlatforms) = postSolution
		{FD3111E4-1A4E-4580-8E88-649F70750F23}.Debug|Any CPU.ActiveCfg = Debug|Any CPU
		{FD3111E4-1A4E-4580-8E88-649F70750F23}.Debug|Any CPU.Build.0 = Debug|Any CPU
		{FD3111E4-1A4E-4580-8E88-649F70750F23}.Release|Any CPU.ActiveCfg = Release|Any CPU
		{FD3111E4-1A4E-4580-8E88-649F70750F23}.Release|Any CPU.Build.0 = Release|Any CPU
	EndGlobalSection
	GlobalSection(SolutionProperties) = preSolution
		HideSolutionNode = FALSE
	EndGlobalSection
	GlobalSection(ExtensibilityGlobals) = postSolution
		SolutionGuid = {159BB3C2-BE50-48FF-97BF-4BDB3A39BD54}
	EndGlobalSection
EndGlobal
