
Microsoft Visual Studio Solution File, Format Version 12.00
# Visual Studio Version 17
VisualStudioVersion = 17.4.33122.133
MinimumVisualStudioVersion = 10.0.40219.1
Project("{9A19103F-16F7-4668-BE54-9A1E7A4F7556}") = "APIREST-.NET6-MySQL", "APIREST-.NET6-MySQL\APIREST-.NET6-MySQL.csproj", "{101E8A32-2C4C-48B7-BF22-69B383C2F490}"
EndProject
Project("{FAE04EC0-301F-11D3-BF4B-00C04F79EFBC}") = "APIREST-.NET6-MySQL.Data", "APIREST-.NET6-MySQL.Data\APIREST-.NET6-MySQL.Data.csproj", "{44EF82E7-0251-406B-9597-BB18EAB8D9E1}"
EndProject
Project("{FAE04EC0-301F-11D3-BF4B-00C04F79EFBC}") = "APIREST-.NET6-MySQL.Model", "APIREST-.NET6-MySQL.Model\APIREST-.NET6-MySQL.Model.csproj", "{81A7FFFD-057A-4056-83DE-3E36F9F377D2}"
EndProject
Global
	GlobalSection(SolutionConfigurationPlatforms) = preSolution
		Debug|Any CPU = Debug|Any CPU
		Release|Any CPU = Release|Any CPU
	EndGlobalSection
	GlobalSection(ProjectConfigurationPlatforms) = postSolution
		{101E8A32-2C4C-48B7-BF22-69B383C2F490}.Debug|Any CPU.ActiveCfg = Debug|Any CPU
		{101E8A32-2C4C-48B7-BF22-69B383C2F490}.Debug|Any CPU.Build.0 = Debug|Any CPU
		{101E8A32-2C4C-48B7-BF22-69B383C2F490}.Release|Any CPU.ActiveCfg = Release|Any CPU
		{101E8A32-2C4C-48B7-BF22-69B383C2F490}.Release|Any CPU.Build.0 = Release|Any CPU
		{44EF82E7-0251-406B-9597-BB18EAB8D9E1}.Debug|Any CPU.ActiveCfg = Debug|Any CPU
		{44EF82E7-0251-406B-9597-BB18EAB8D9E1}.Debug|Any CPU.Build.0 = Debug|Any CPU
		{44EF82E7-0251-406B-9597-BB18EAB8D9E1}.Release|Any CPU.ActiveCfg = Release|Any CPU
		{44EF82E7-0251-406B-9597-BB18EAB8D9E1}.Release|Any CPU.Build.0 = Release|Any CPU
		{81A7FFFD-057A-4056-83DE-3E36F9F377D2}.Debug|Any CPU.ActiveCfg = Debug|Any CPU
		{81A7FFFD-057A-4056-83DE-3E36F9F377D2}.Debug|Any CPU.Build.0 = Debug|Any CPU
		{81A7FFFD-057A-4056-83DE-3E36F9F377D2}.Release|Any CPU.ActiveCfg = Release|Any CPU
		{81A7FFFD-057A-4056-83DE-3E36F9F377D2}.Release|Any CPU.Build.0 = Release|Any CPU
	EndGlobalSection
	GlobalSection(SolutionProperties) = preSolution
		HideSolutionNode = FALSE
	EndGlobalSection
	GlobalSection(ExtensibilityGlobals) = postSolution
		SolutionGuid = {D5C3AA7D-7048-4890-9520-6B1F002E319A}
	EndGlobalSection
EndGlobal
