
Microsoft Visual Studio Solution File, Format Version 12.00
# Visual Studio Version 17
VisualStudioVersion = 17.4.33122.133
MinimumVisualStudioVersion = 10.0.40219.1
Project("{FAE04EC0-301F-11D3-BF4B-00C04F79EFBC}") = "APIREST-.NET core 6", "APIREST-.NET core 6\APIREST-.NET core 6.csproj", "{A7C27573-DEA2-4225-A64F-5D4DAF9D2FFC}"
EndProject
Global
	GlobalSection(SolutionConfigurationPlatforms) = preSolution
		Debug|Any CPU = Debug|Any CPU
		Release|Any CPU = Release|Any CPU
	EndGlobalSection
	GlobalSection(ProjectConfigurationPlatforms) = postSolution
		{A7C27573-DEA2-4225-A64F-5D4DAF9D2FFC}.Debug|Any CPU.ActiveCfg = Debug|Any CPU
		{A7C27573-DEA2-4225-A64F-5D4DAF9D2FFC}.Debug|Any CPU.Build.0 = Debug|Any CPU
		{A7C27573-DEA2-4225-A64F-5D4DAF9D2FFC}.Release|Any CPU.ActiveCfg = Release|Any CPU
		{A7C27573-DEA2-4225-A64F-5D4DAF9D2FFC}.Release|Any CPU.Build.0 = Release|Any CPU
	EndGlobalSection
	GlobalSection(SolutionProperties) = preSolution
		HideSolutionNode = FALSE
	EndGlobalSection
	GlobalSection(ExtensibilityGlobals) = postSolution
		SolutionGuid = {A571A4CD-3301-41C0-A442-39031032A58F}
	EndGlobalSection
EndGlobal
